
Microsoft Visual Studio Solution File, Format Version 12.00
# Visual Studio 15
VisualStudioVersion = 15.0.26730.3
MinimumVisualStudioVersion = 10.0.40219.1
Project("{FAE04EC0-301F-11D3-BF4B-00C04F79EFBC}") = "InsuranceFileAnalysis", "InsuranceFileAnalysis\InsuranceFileAnalysis.csproj", "{562124B8-A1C2-46D8-A22F-24462BF933C6}"
EndProject
Global
	GlobalSection(SolutionConfigurationPlatforms) = preSolution
		Debug|Any CPU = Debug|Any CPU
		Release|Any CPU = Release|Any CPU
	EndGlobalSection
	GlobalSection(ProjectConfigurationPlatforms) = postSolution
		{562124B8-A1C2-46D8-A22F-24462BF933C6}.Debug|Any CPU.ActiveCfg = Debug|Any CPU
		{562124B8-A1C2-46D8-A22F-24462BF933C6}.Debug|Any CPU.Build.0 = Debug|Any CPU
		{562124B8-A1C2-46D8-A22F-24462BF933C6}.Release|Any CPU.ActiveCfg = Release|Any CPU
		{562124B8-A1C2-46D8-A22F-24462BF933C6}.Release|Any CPU.Build.0 = Release|Any CPU
	EndGlobalSection
	GlobalSection(SolutionProperties) = preSolution
		HideSolutionNode = FALSE
	EndGlobalSection
	GlobalSection(ExtensibilityGlobals) = postSolution
		SolutionGuid = {666DE988-D60A-4A13-A1C6-5D5D2A023D8D}
	EndGlobalSection
EndGlobal
